// !$*UTF8*$!
{
	archiveVersion = 1;
	classes = {
	};
	objectVersion = 46;
	objects = {

/* Begin PBXBuildFile section */
		251B32401E5CD76E00A6D93B /* MaterialAppearance.swift in Sources */ = {isa = PBXBuildFile; fileRef = 251B323F1E5CD76E00A6D93B /* MaterialAppearance.swift */; };
		251B32421E5CE1C200A6D93B /* Appearance.swift in Sources */ = {isa = PBXBuildFile; fileRef = 251B32411E5CE1C200A6D93B /* Appearance.swift */; };
		251B32461E5DCB0000A6D93B /* Localizable.strings in Resources */ = {isa = PBXBuildFile; fileRef = 251B32481E5DCB0000A6D93B /* Localizable.strings */; };
		257467291E560CA80068DC65 /* MainViewController.swift in Sources */ = {isa = PBXBuildFile; fileRef = 257467281E560CA80068DC65 /* MainViewController.swift */; };
		2574672B1E560FF30068DC65 /* MainPresenter.swift in Sources */ = {isa = PBXBuildFile; fileRef = 2574672A1E560FF30068DC65 /* MainPresenter.swift */; };
		2574672E1E561CF90068DC65 /* DashboardWireFrame.swift in Sources */ = {isa = PBXBuildFile; fileRef = 2574672D1E561CF90068DC65 /* DashboardWireFrame.swift */; };
		257467301E561D460068DC65 /* DashboardViewController.swift in Sources */ = {isa = PBXBuildFile; fileRef = 2574672F1E561D460068DC65 /* DashboardViewController.swift */; };
		257467321E561D650068DC65 /* DashboardPresenter.swift in Sources */ = {isa = PBXBuildFile; fileRef = 257467311E561D650068DC65 /* DashboardPresenter.swift */; };
		257467341E561E480068DC65 /* DashboardViewController.xib in Resources */ = {isa = PBXBuildFile; fileRef = 257467331E561E480068DC65 /* DashboardViewController.xib */; };
		257467361E564D0A0068DC65 /* BasePresenter.swift in Sources */ = {isa = PBXBuildFile; fileRef = 257467351E564D0A0068DC65 /* BasePresenter.swift */; };
		257467381E5650F70068DC65 /* LoginView.xib in Resources */ = {isa = PBXBuildFile; fileRef = 257467371E5650F70068DC65 /* LoginView.xib */; };
		2590718C1E525AF4008E1B52 /* APIClient.swift in Sources */ = {isa = PBXBuildFile; fileRef = 2590718B1E525AF4008E1B52 /* APIClient.swift */; };
		2590718E1E525E17008E1B52 /* UserAPI.swift in Sources */ = {isa = PBXBuildFile; fileRef = 2590718D1E525E17008E1B52 /* UserAPI.swift */; };
		259071901E525EA3008E1B52 /* UserSessionDataStore.swift in Sources */ = {isa = PBXBuildFile; fileRef = 2590718F1E525EA3008E1B52 /* UserSessionDataStore.swift */; };
		259071921E525F58008E1B52 /* ResponseAPIOperators.swift in Sources */ = {isa = PBXBuildFile; fileRef = 259071911E525F58008E1B52 /* ResponseAPIOperators.swift */; };
		259071941E532E0D008E1B52 /* ErrorAPI.swift in Sources */ = {isa = PBXBuildFile; fileRef = 259071931E532E0D008E1B52 /* ErrorAPI.swift */; };
		259071991E53ABFE008E1B52 /* UserSessionDB.swift in Sources */ = {isa = PBXBuildFile; fileRef = 259071981E53ABFE008E1B52 /* UserSessionDB.swift */; };
		2590719B1E53AC33008E1B52 /* UserSessionInteractor.swift in Sources */ = {isa = PBXBuildFile; fileRef = 2590719A1E53AC33008E1B52 /* UserSessionInteractor.swift */; };
		2597E7F81E5B35F1002B499F /* FacebookAPI.swift in Sources */ = {isa = PBXBuildFile; fileRef = 2597E7F71E5B35F1002B499F /* FacebookAPI.swift */; };
		2597E7FB1E5B7D2E002B499F /* LoginRepository.swift in Sources */ = {isa = PBXBuildFile; fileRef = 2597E7FA1E5B7D2E002B499F /* LoginRepository.swift */; };
		2597E7FD1E5B86F5002B499F /* GoogleService-Info.plist in Resources */ = {isa = PBXBuildFile; fileRef = 2597E7FC1E5B86F5002B499F /* GoogleService-Info.plist */; };
		2597E8001E5B8993002B499F /* GoogleAPI.swift in Sources */ = {isa = PBXBuildFile; fileRef = 2597E7FF1E5B8993002B499F /* GoogleAPI.swift */; };
		2597E8031E5BA378002B499F /* LoadingHUDView.swift in Sources */ = {isa = PBXBuildFile; fileRef = 2597E8021E5BA378002B499F /* LoadingHUDView.swift */; };
		2597E8051E5BA383002B499F /* LoadingHUDView.xib in Resources */ = {isa = PBXBuildFile; fileRef = 2597E8041E5BA383002B499F /* LoadingHUDView.xib */; };
		2597E8071E5C775C002B499F /* UserSessionRepository.swift in Sources */ = {isa = PBXBuildFile; fileRef = 2597E8061E5C775C002B499F /* UserSessionRepository.swift */; };
		2597E80B1E5C82C3002B499F /* UserSession.swift in Sources */ = {isa = PBXBuildFile; fileRef = 2597E80A1E5C82C3002B499F /* UserSession.swift */; };
		25B563D91E5256FC0051F559 /* R.generated.swift in Sources */ = {isa = PBXBuildFile; fileRef = 25B563D81E5256FC0051F559 /* R.generated.swift */; };
		25D4C8DE1E549C0600E3AF4A /* User.swift in Sources */ = {isa = PBXBuildFile; fileRef = 25D4C8DD1E549C0600E3AF4A /* User.swift */; };
		25D4C8E01E54BBFE00E3AF4A /* UserDB.swift in Sources */ = {isa = PBXBuildFile; fileRef = 25D4C8DF1E54BBFE00E3AF4A /* UserDB.swift */; };
		25D4C8E21E55D60100E3AF4A /* RequestResponse.swift in Sources */ = {isa = PBXBuildFile; fileRef = 25D4C8E11E55D60100E3AF4A /* RequestResponse.swift */; };
		25D4C8E51E55FD2100E3AF4A /* DomainHelper.swift in Sources */ = {isa = PBXBuildFile; fileRef = 25D4C8E41E55FD2100E3AF4A /* DomainHelper.swift */; };
		25D4C8E81E56096100E3AF4A /* PresentationHelper.swift in Sources */ = {isa = PBXBuildFile; fileRef = 25D4C8E71E56096100E3AF4A /* PresentationHelper.swift */; };
		25E2F6F51E52423800AA208E /* AppDelegate.swift in Sources */ = {isa = PBXBuildFile; fileRef = 25E2F6F41E52423800AA208E /* AppDelegate.swift */; };
		25E2F6FC1E52423800AA208E /* Assets.xcassets in Resources */ = {isa = PBXBuildFile; fileRef = 25E2F6FB1E52423800AA208E /* Assets.xcassets */; };
		25E2F6FF1E52423800AA208E /* LaunchScreen.storyboard in Resources */ = {isa = PBXBuildFile; fileRef = 25E2F6FD1E52423800AA208E /* LaunchScreen.storyboard */; };
		44FD37912ADFEEAA13F061C9 /* Pods_LoginTemplate.framework in Frameworks */ = {isa = PBXBuildFile; fileRef = 2249F5DE7F1971AEC8E22EE0 /* Pods_LoginTemplate.framework */; };
		F021B1C61E5348DD0092DA41 /* ForgotPasswordWireFrame.swift in Sources */ = {isa = PBXBuildFile; fileRef = F021B1C51E5348DD0092DA41 /* ForgotPasswordWireFrame.swift */; };
		F021B1C91E534EF30092DA41 /* BaseWireFrame.swift in Sources */ = {isa = PBXBuildFile; fileRef = F021B1C81E534EF30092DA41 /* BaseWireFrame.swift */; };
		F021B1CB1E534F560092DA41 /* BaseNavigationController.swift in Sources */ = {isa = PBXBuildFile; fileRef = F021B1CA1E534F560092DA41 /* BaseNavigationController.swift */; };
		F021B1CD1E534FC20092DA41 /* MainWireFrame.swift in Sources */ = {isa = PBXBuildFile; fileRef = F021B1CC1E534FC20092DA41 /* MainWireFrame.swift */; };
		F021B1D01E5378F40092DA41 /* LoginWireFrame.swift in Sources */ = {isa = PBXBuildFile; fileRef = F021B1CF1E5378F40092DA41 /* LoginWireFrame.swift */; };
		F021B1D21E537ABE0092DA41 /* LoginPresenter.swift in Sources */ = {isa = PBXBuildFile; fileRef = F021B1D11E537ABE0092DA41 /* LoginPresenter.swift */; };
		F021B1D81E537B6D0092DA41 /* LoginInteractor.swift in Sources */ = {isa = PBXBuildFile; fileRef = F021B1D71E537B6D0092DA41 /* LoginInteractor.swift */; };
		F021B1DA1E537BAD0092DA41 /* LoginViewController.swift in Sources */ = {isa = PBXBuildFile; fileRef = F021B1D91E537BAD0092DA41 /* LoginViewController.swift */; };
		F021B1DC1E537BE70092DA41 /* BaseViewController.swift in Sources */ = {isa = PBXBuildFile; fileRef = F021B1DB1E537BE70092DA41 /* BaseViewController.swift */; };
		F021B1E01E5380580092DA41 /* ForgotPasswordViewController.swift in Sources */ = {isa = PBXBuildFile; fileRef = F021B1DF1E5380580092DA41 /* ForgotPasswordViewController.swift */; };
		F021B1E21E5380630092DA41 /* ForgotPasswordPresenter.swift in Sources */ = {isa = PBXBuildFile; fileRef = F021B1E11E5380630092DA41 /* ForgotPasswordPresenter.swift */; };
		F021B1E41E53829B0092DA41 /* ForgotPasswordInteractor.swift in Sources */ = {isa = PBXBuildFile; fileRef = F021B1E31E53829B0092DA41 /* ForgotPasswordInteractor.swift */; };
/* End PBXBuildFile section */

/* Begin PBXFileReference section */
		2249F5DE7F1971AEC8E22EE0 /* Pods_LoginTemplate.framework */ = {isa = PBXFileReference; explicitFileType = wrapper.framework; includeInIndex = 0; path = Pods_LoginTemplate.framework; sourceTree = BUILT_PRODUCTS_DIR; };
		251B323F1E5CD76E00A6D93B /* MaterialAppearance.swift */ = {isa = PBXFileReference; fileEncoding = 4; lastKnownFileType = sourcecode.swift; path = MaterialAppearance.swift; sourceTree = "<group>"; };
		251B32411E5CE1C200A6D93B /* Appearance.swift */ = {isa = PBXFileReference; fileEncoding = 4; lastKnownFileType = sourcecode.swift; path = Appearance.swift; sourceTree = "<group>"; };
		251B32451E5DCAB000A6D93B /* pt-BR */ = {isa = PBXFileReference; lastKnownFileType = text.plist.strings; name = "pt-BR"; path = "pt-BR.lproj/LaunchScreen.strings"; sourceTree = "<group>"; };
		251B32471E5DCB0000A6D93B /* Base */ = {isa = PBXFileReference; lastKnownFileType = text.plist.strings; name = Base; path = Base.lproj/Localizable.strings; sourceTree = "<group>"; };
		257467281E560CA80068DC65 /* MainViewController.swift */ = {isa = PBXFileReference; fileEncoding = 4; lastKnownFileType = sourcecode.swift; path = MainViewController.swift; sourceTree = "<group>"; };
		2574672A1E560FF30068DC65 /* MainPresenter.swift */ = {isa = PBXFileReference; fileEncoding = 4; lastKnownFileType = sourcecode.swift; path = MainPresenter.swift; sourceTree = "<group>"; };
		2574672D1E561CF90068DC65 /* DashboardWireFrame.swift */ = {isa = PBXFileReference; fileEncoding = 4; lastKnownFileType = sourcecode.swift; path = DashboardWireFrame.swift; sourceTree = "<group>"; };
		2574672F1E561D460068DC65 /* DashboardViewController.swift */ = {isa = PBXFileReference; fileEncoding = 4; lastKnownFileType = sourcecode.swift; path = DashboardViewController.swift; sourceTree = "<group>"; };
		257467311E561D650068DC65 /* DashboardPresenter.swift */ = {isa = PBXFileReference; fileEncoding = 4; lastKnownFileType = sourcecode.swift; path = DashboardPresenter.swift; sourceTree = "<group>"; };
		257467331E561E480068DC65 /* DashboardViewController.xib */ = {isa = PBXFileReference; fileEncoding = 4; lastKnownFileType = file.xib; path = DashboardViewController.xib; sourceTree = "<group>"; };
		257467351E564D0A0068DC65 /* BasePresenter.swift */ = {isa = PBXFileReference; fileEncoding = 4; lastKnownFileType = sourcecode.swift; path = BasePresenter.swift; sourceTree = "<group>"; };
		257467371E5650F70068DC65 /* LoginView.xib */ = {isa = PBXFileReference; fileEncoding = 4; lastKnownFileType = file.xib; path = LoginView.xib; sourceTree = "<group>"; };
		2590718B1E525AF4008E1B52 /* APIClient.swift */ = {isa = PBXFileReference; fileEncoding = 4; lastKnownFileType = sourcecode.swift; path = APIClient.swift; sourceTree = "<group>"; };
		2590718D1E525E17008E1B52 /* UserAPI.swift */ = {isa = PBXFileReference; fileEncoding = 4; lastKnownFileType = sourcecode.swift; path = UserAPI.swift; sourceTree = "<group>"; };
		2590718F1E525EA3008E1B52 /* UserSessionDataStore.swift */ = {isa = PBXFileReference; fileEncoding = 4; lastKnownFileType = sourcecode.swift; path = UserSessionDataStore.swift; sourceTree = "<group>"; };
		259071911E525F58008E1B52 /* ResponseAPIOperators.swift */ = {isa = PBXFileReference; fileEncoding = 4; lastKnownFileType = sourcecode.swift; path = ResponseAPIOperators.swift; sourceTree = "<group>"; };
		259071931E532E0D008E1B52 /* ErrorAPI.swift */ = {isa = PBXFileReference; fileEncoding = 4; lastKnownFileType = sourcecode.swift; path = ErrorAPI.swift; sourceTree = "<group>"; };
		259071981E53ABFE008E1B52 /* UserSessionDB.swift */ = {isa = PBXFileReference; fileEncoding = 4; lastKnownFileType = sourcecode.swift; path = UserSessionDB.swift; sourceTree = "<group>"; };
		2590719A1E53AC33008E1B52 /* UserSessionInteractor.swift */ = {isa = PBXFileReference; fileEncoding = 4; lastKnownFileType = sourcecode.swift; path = UserSessionInteractor.swift; sourceTree = "<group>"; };
		2597E7F71E5B35F1002B499F /* FacebookAPI.swift */ = {isa = PBXFileReference; fileEncoding = 4; lastKnownFileType = sourcecode.swift; path = FacebookAPI.swift; sourceTree = "<group>"; };
		2597E7FA1E5B7D2E002B499F /* LoginRepository.swift */ = {isa = PBXFileReference; fileEncoding = 4; lastKnownFileType = sourcecode.swift; path = LoginRepository.swift; sourceTree = "<group>"; };
		2597E7FC1E5B86F5002B499F /* GoogleService-Info.plist */ = {isa = PBXFileReference; fileEncoding = 4; lastKnownFileType = text.plist.xml; path = "GoogleService-Info.plist"; sourceTree = "<group>"; };
		2597E7FF1E5B8993002B499F /* GoogleAPI.swift */ = {isa = PBXFileReference; fileEncoding = 4; lastKnownFileType = sourcecode.swift; path = GoogleAPI.swift; sourceTree = "<group>"; };
		2597E8021E5BA378002B499F /* LoadingHUDView.swift */ = {isa = PBXFileReference; fileEncoding = 4; lastKnownFileType = sourcecode.swift; path = LoadingHUDView.swift; sourceTree = "<group>"; };
		2597E8041E5BA383002B499F /* LoadingHUDView.xib */ = {isa = PBXFileReference; fileEncoding = 4; lastKnownFileType = file.xib; path = LoadingHUDView.xib; sourceTree = "<group>"; };
		2597E8061E5C775C002B499F /* UserSessionRepository.swift */ = {isa = PBXFileReference; fileEncoding = 4; lastKnownFileType = sourcecode.swift; path = UserSessionRepository.swift; sourceTree = "<group>"; };
		2597E80A1E5C82C3002B499F /* UserSession.swift */ = {isa = PBXFileReference; fileEncoding = 4; lastKnownFileType = sourcecode.swift; path = UserSession.swift; sourceTree = "<group>"; };
		25B563D81E5256FC0051F559 /* R.generated.swift */ = {isa = PBXFileReference; fileEncoding = 4; lastKnownFileType = sourcecode.swift; path = R.generated.swift; sourceTree = SOURCE_ROOT; };
		25D4C8DD1E549C0600E3AF4A /* User.swift */ = {isa = PBXFileReference; fileEncoding = 4; lastKnownFileType = sourcecode.swift; path = User.swift; sourceTree = "<group>"; };
		25D4C8DF1E54BBFE00E3AF4A /* UserDB.swift */ = {isa = PBXFileReference; fileEncoding = 4; lastKnownFileType = sourcecode.swift; path = UserDB.swift; sourceTree = "<group>"; };
		25D4C8E11E55D60100E3AF4A /* RequestResponse.swift */ = {isa = PBXFileReference; fileEncoding = 4; lastKnownFileType = sourcecode.swift; path = RequestResponse.swift; sourceTree = "<group>"; };
		25D4C8E41E55FD2100E3AF4A /* DomainHelper.swift */ = {isa = PBXFileReference; fileEncoding = 4; lastKnownFileType = sourcecode.swift; path = DomainHelper.swift; sourceTree = "<group>"; };
		25D4C8E71E56096100E3AF4A /* PresentationHelper.swift */ = {isa = PBXFileReference; fileEncoding = 4; lastKnownFileType = sourcecode.swift; path = PresentationHelper.swift; sourceTree = "<group>"; };
		25E2F6F11E52423800AA208E /* LoginTemplate.app */ = {isa = PBXFileReference; explicitFileType = wrapper.application; includeInIndex = 0; path = LoginTemplate.app; sourceTree = BUILT_PRODUCTS_DIR; };
		25E2F6F41E52423800AA208E /* AppDelegate.swift */ = {isa = PBXFileReference; lastKnownFileType = sourcecode.swift; path = AppDelegate.swift; sourceTree = "<group>"; };
		25E2F6FB1E52423800AA208E /* Assets.xcassets */ = {isa = PBXFileReference; lastKnownFileType = folder.assetcatalog; path = Assets.xcassets; sourceTree = "<group>"; };
		25E2F6FE1E52423800AA208E /* Base */ = {isa = PBXFileReference; lastKnownFileType = file.storyboard; name = Base; path = Base.lproj/LaunchScreen.storyboard; sourceTree = "<group>"; };
		25E2F7001E52423800AA208E /* Info.plist */ = {isa = PBXFileReference; lastKnownFileType = text.plist.xml; path = Info.plist; sourceTree = "<group>"; };
		4B868F5EDD74BAB53382AE56 /* Pods-LoginTemplate.debug.xcconfig */ = {isa = PBXFileReference; includeInIndex = 1; lastKnownFileType = text.xcconfig; name = "Pods-LoginTemplate.debug.xcconfig"; path = "Pods/Target Support Files/Pods-LoginTemplate/Pods-LoginTemplate.debug.xcconfig"; sourceTree = "<group>"; };
		BABA31F3C30D8383565167AC /* Pods-LoginTemplate.release.xcconfig */ = {isa = PBXFileReference; includeInIndex = 1; lastKnownFileType = text.xcconfig; name = "Pods-LoginTemplate.release.xcconfig"; path = "Pods/Target Support Files/Pods-LoginTemplate/Pods-LoginTemplate.release.xcconfig"; sourceTree = "<group>"; };
		F021B1C51E5348DD0092DA41 /* ForgotPasswordWireFrame.swift */ = {isa = PBXFileReference; fileEncoding = 4; lastKnownFileType = sourcecode.swift; path = ForgotPasswordWireFrame.swift; sourceTree = "<group>"; };
		F021B1C81E534EF30092DA41 /* BaseWireFrame.swift */ = {isa = PBXFileReference; fileEncoding = 4; lastKnownFileType = sourcecode.swift; path = BaseWireFrame.swift; sourceTree = "<group>"; };
		F021B1CA1E534F560092DA41 /* BaseNavigationController.swift */ = {isa = PBXFileReference; fileEncoding = 4; lastKnownFileType = sourcecode.swift; path = BaseNavigationController.swift; sourceTree = "<group>"; };
		F021B1CC1E534FC20092DA41 /* MainWireFrame.swift */ = {isa = PBXFileReference; fileEncoding = 4; lastKnownFileType = sourcecode.swift; path = MainWireFrame.swift; sourceTree = "<group>"; };
		F021B1CF1E5378F40092DA41 /* LoginWireFrame.swift */ = {isa = PBXFileReference; fileEncoding = 4; lastKnownFileType = sourcecode.swift; path = LoginWireFrame.swift; sourceTree = "<group>"; };
		F021B1D11E537ABE0092DA41 /* LoginPresenter.swift */ = {isa = PBXFileReference; fileEncoding = 4; lastKnownFileType = sourcecode.swift; path = LoginPresenter.swift; sourceTree = "<group>"; };
		F021B1D71E537B6D0092DA41 /* LoginInteractor.swift */ = {isa = PBXFileReference; fileEncoding = 4; lastKnownFileType = sourcecode.swift; path = LoginInteractor.swift; sourceTree = "<group>"; };
		F021B1D91E537BAD0092DA41 /* LoginViewController.swift */ = {isa = PBXFileReference; fileEncoding = 4; lastKnownFileType = sourcecode.swift; path = LoginViewController.swift; sourceTree = "<group>"; };
		F021B1DB1E537BE70092DA41 /* BaseViewController.swift */ = {isa = PBXFileReference; fileEncoding = 4; lastKnownFileType = sourcecode.swift; path = BaseViewController.swift; sourceTree = "<group>"; };
		F021B1DF1E5380580092DA41 /* ForgotPasswordViewController.swift */ = {isa = PBXFileReference; fileEncoding = 4; lastKnownFileType = sourcecode.swift; path = ForgotPasswordViewController.swift; sourceTree = "<group>"; };
		F021B1E11E5380630092DA41 /* ForgotPasswordPresenter.swift */ = {isa = PBXFileReference; fileEncoding = 4; lastKnownFileType = sourcecode.swift; path = ForgotPasswordPresenter.swift; sourceTree = "<group>"; };
		F021B1E31E53829B0092DA41 /* ForgotPasswordInteractor.swift */ = {isa = PBXFileReference; fileEncoding = 4; lastKnownFileType = sourcecode.swift; path = ForgotPasswordInteractor.swift; sourceTree = "<group>"; };
/* End PBXFileReference section */

/* Begin PBXFrameworksBuildPhase section */
		25E2F6EE1E52423800AA208E /* Frameworks */ = {
			isa = PBXFrameworksBuildPhase;
			buildActionMask = 2147483647;
			files = (
				44FD37912ADFEEAA13F061C9 /* Pods_LoginTemplate.framework in Frameworks */,
			);
			runOnlyForDeploymentPostprocessing = 0;
		};
/* End PBXFrameworksBuildPhase section */

/* Begin PBXGroup section */
		251B323E1E5CD70500A6D93B /* Appearance */ = {
			isa = PBXGroup;
			children = (
				251B32411E5CE1C200A6D93B /* Appearance.swift */,
				251B323F1E5CD76E00A6D93B /* MaterialAppearance.swift */,
			);
			path = Appearance;
			sourceTree = "<group>";
		};
		2574672C1E561CDF0068DC65 /* Dashboard */ = {
			isa = PBXGroup;
			children = (
				2574672D1E561CF90068DC65 /* DashboardWireFrame.swift */,
				2574672F1E561D460068DC65 /* DashboardViewController.swift */,
				257467311E561D650068DC65 /* DashboardPresenter.swift */,
				257467331E561E480068DC65 /* DashboardViewController.xib */,
			);
			path = Dashboard;
			sourceTree = "<group>";
		};
		257AF5D31E54999400EF1642 /* Entities */ = {
			isa = PBXGroup;
			children = (
				2590718D1E525E17008E1B52 /* UserAPI.swift */,
				25D4C8DF1E54BBFE00E3AF4A /* UserDB.swift */,
				259071931E532E0D008E1B52 /* ErrorAPI.swift */,
				259071981E53ABFE008E1B52 /* UserSessionDB.swift */,
			);
			path = Entities;
			sourceTree = "<group>";
		};
		259071891E525962008E1B52 /* Main */ = {
			isa = PBXGroup;
			children = (
				F021B1CC1E534FC20092DA41 /* MainWireFrame.swift */,
				257467281E560CA80068DC65 /* MainViewController.swift */,
				2574672A1E560FF30068DC65 /* MainPresenter.swift */,
			);
			path = Main;
			sourceTree = "<group>";
		};
		2590718A1E525AD4008E1B52 /* API */ = {
			isa = PBXGroup;
			children = (
				2590718B1E525AF4008E1B52 /* APIClient.swift */,
				2590718F1E525EA3008E1B52 /* UserSessionDataStore.swift */,
				2597E7F71E5B35F1002B499F /* FacebookAPI.swift */,
				2597E7FF1E5B8993002B499F /* GoogleAPI.swift */,
			);
			path = API;
			sourceTree = "<group>";
		};
		259071971E53ABD4008E1B52 /* API */ = {
			isa = PBXGroup;
			children = (
				2590719A1E53AC33008E1B52 /* UserSessionInteractor.swift */,
				259071911E525F58008E1B52 /* ResponseAPIOperators.swift */,
				25D4C8E11E55D60100E3AF4A /* RequestResponse.swift */,
			);
			path = API;
			sourceTree = "<group>";
		};
		2597E7F91E5B7D15002B499F /* Login */ = {
			isa = PBXGroup;
			children = (
				2597E7FA1E5B7D2E002B499F /* LoginRepository.swift */,
				2597E8061E5C775C002B499F /* UserSessionRepository.swift */,
			);
			path = Login;
			sourceTree = "<group>";
		};
		2597E8011E5BA338002B499F /* LoadingHUD */ = {
			isa = PBXGroup;
			children = (
				2597E8021E5BA378002B499F /* LoadingHUDView.swift */,
				2597E8041E5BA383002B499F /* LoadingHUDView.xib */,
			);
			path = LoadingHUD;
			sourceTree = "<group>";
		};
		25D4C8DC1E549BEC00E3AF4A /* Models */ = {
			isa = PBXGroup;
			children = (
				25D4C8DD1E549C0600E3AF4A /* User.swift */,
				2597E80A1E5C82C3002B499F /* UserSession.swift */,
			);
			path = Models;
			sourceTree = "<group>";
		};
		25D4C8E31E55FCF800E3AF4A /* Utils */ = {
			isa = PBXGroup;
			children = (
				25D4C8E41E55FD2100E3AF4A /* DomainHelper.swift */,
			);
			path = Utils;
			sourceTree = "<group>";
		};
		25D4C8E61E56094C00E3AF4A /* Utils */ = {
			isa = PBXGroup;
			children = (
				25D4C8E71E56096100E3AF4A /* PresentationHelper.swift */,
			);
			path = Utils;
			sourceTree = "<group>";
		};
		25E2F6E81E52423800AA208E = {
			isa = PBXGroup;
			children = (
				25E2F6F31E52423800AA208E /* LoginTemplate */,
				25E2F6F21E52423800AA208E /* Products */,
				C80ED70F62A155C6A4AE2BFA /* Pods */,
				A76AFE8CE832C2C497CFE2E5 /* Frameworks */,
			);
			sourceTree = "<group>";
		};
		25E2F6F21E52423800AA208E /* Products */ = {
			isa = PBXGroup;
			children = (
				25E2F6F11E52423800AA208E /* LoginTemplate.app */,
			);
			name = Products;
			sourceTree = "<group>";
		};
		25E2F6F31E52423800AA208E /* LoginTemplate */ = {
			isa = PBXGroup;
			children = (
				25E2F70B1E524F5A00AA208E /* Data */,
				25E2F70A1E524F4900AA208E /* Domain */,
				25E2F7091E524F2D00AA208E /* Presentation */,
				25E2F6F41E52423800AA208E /* AppDelegate.swift */,
				25E2F6FB1E52423800AA208E /* Assets.xcassets */,
				25E2F6FD1E52423800AA208E /* LaunchScreen.storyboard */,
				25E2F7001E52423800AA208E /* Info.plist */,
				2597E7FC1E5B86F5002B499F /* GoogleService-Info.plist */,
				25B563D81E5256FC0051F559 /* R.generated.swift */,
				251B32481E5DCB0000A6D93B /* Localizable.strings */,
			);
			path = LoginTemplate;
			sourceTree = "<group>";
		};
		25E2F7091E524F2D00AA208E /* Presentation */ = {
			isa = PBXGroup;
			children = (
				251B323E1E5CD70500A6D93B /* Appearance */,
				2574672C1E561CDF0068DC65 /* Dashboard */,
				25D4C8E61E56094C00E3AF4A /* Utils */,
				F021B1D31E537B1D0092DA41 /* CreateAccount */,
				F021B1CE1E5378C00092DA41 /* Login */,
				F021B1C71E534E020092DA41 /* Base */,
				F021B1C41E53483C0092DA41 /* ForgotPassword */,
				259071891E525962008E1B52 /* Main */,
			);
			path = Presentation;
			sourceTree = "<group>";
		};
		25E2F70A1E524F4900AA208E /* Domain */ = {
			isa = PBXGroup;
			children = (
				259071971E53ABD4008E1B52 /* API */,
				F021B1D61E537B480092DA41 /* CreateAccount */,
				F021B1D51E537B3B0092DA41 /* ForgotPassword */,
				F021B1D41E537B2F0092DA41 /* Login */,
				25D4C8DC1E549BEC00E3AF4A /* Models */,
				25D4C8E31E55FCF800E3AF4A /* Utils */,
			);
			path = Domain;
			sourceTree = "<group>";
		};
		25E2F70B1E524F5A00AA208E /* Data */ = {
			isa = PBXGroup;
			children = (
				2597E7F91E5B7D15002B499F /* Login */,
				2590718A1E525AD4008E1B52 /* API */,
				257AF5D31E54999400EF1642 /* Entities */,
			);
			path = Data;
			sourceTree = "<group>";
		};
		A76AFE8CE832C2C497CFE2E5 /* Frameworks */ = {
			isa = PBXGroup;
			children = (
				2249F5DE7F1971AEC8E22EE0 /* Pods_LoginTemplate.framework */,
			);
			name = Frameworks;
			sourceTree = "<group>";
		};
		C80ED70F62A155C6A4AE2BFA /* Pods */ = {
			isa = PBXGroup;
			children = (
				4B868F5EDD74BAB53382AE56 /* Pods-LoginTemplate.debug.xcconfig */,
				BABA31F3C30D8383565167AC /* Pods-LoginTemplate.release.xcconfig */,
			);
			name = Pods;
			sourceTree = "<group>";
		};
		F021B1C41E53483C0092DA41 /* ForgotPassword */ = {
			isa = PBXGroup;
			children = (
				F021B1C51E5348DD0092DA41 /* ForgotPasswordWireFrame.swift */,
				F021B1DF1E5380580092DA41 /* ForgotPasswordViewController.swift */,
				F021B1E11E5380630092DA41 /* ForgotPasswordPresenter.swift */,
			);
			path = ForgotPassword;
			sourceTree = "<group>";
		};
		F021B1C71E534E020092DA41 /* Base */ = {
			isa = PBXGroup;
			children = (
				2597E8011E5BA338002B499F /* LoadingHUD */,
				F021B1C81E534EF30092DA41 /* BaseWireFrame.swift */,
				257467351E564D0A0068DC65 /* BasePresenter.swift */,
				F021B1CA1E534F560092DA41 /* BaseNavigationController.swift */,
				F021B1DB1E537BE70092DA41 /* BaseViewController.swift */,
			);
			path = Base;
			sourceTree = "<group>";
		};
		F021B1CE1E5378C00092DA41 /* Login */ = {
			isa = PBXGroup;
			children = (
				F021B1CF1E5378F40092DA41 /* LoginWireFrame.swift */,
				F021B1D91E537BAD0092DA41 /* LoginViewController.swift */,
				F021B1D11E537ABE0092DA41 /* LoginPresenter.swift */,
				257467371E5650F70068DC65 /* LoginView.xib */,
			);
			path = Login;
			sourceTree = "<group>";
		};
		F021B1D31E537B1D0092DA41 /* CreateAccount */ = {
			isa = PBXGroup;
			children = (
			);
			path = CreateAccount;
			sourceTree = "<group>";
		};
		F021B1D41E537B2F0092DA41 /* Login */ = {
			isa = PBXGroup;
			children = (
				F021B1D71E537B6D0092DA41 /* LoginInteractor.swift */,
			);
			path = Login;
			sourceTree = "<group>";
		};
		F021B1D51E537B3B0092DA41 /* ForgotPassword */ = {
			isa = PBXGroup;
			children = (
				F021B1E31E53829B0092DA41 /* ForgotPasswordInteractor.swift */,
			);
			path = ForgotPassword;
			sourceTree = "<group>";
		};
		F021B1D61E537B480092DA41 /* CreateAccount */ = {
			isa = PBXGroup;
			children = (
			);
			path = CreateAccount;
			sourceTree = "<group>";
		};
/* End PBXGroup section */

/* Begin PBXNativeTarget section */
		25E2F6F01E52423800AA208E /* LoginTemplate */ = {
			isa = PBXNativeTarget;
			buildConfigurationList = 25E2F7031E52423800AA208E /* Build configuration list for PBXNativeTarget "LoginTemplate" */;
			buildPhases = (
				AB4477057341D35C543A446C /* [CP] Check Pods Manifest.lock */,
				25B563D71E5256AF0051F559 /* ShellScript */,
				25E2F6ED1E52423800AA208E /* Sources */,
				25E2F6EE1E52423800AA208E /* Frameworks */,
				25E2F6EF1E52423800AA208E /* Resources */,
				FD7D9AEB4A71B2E29643D0EC /* [CP] Embed Pods Frameworks */,
				DB048EF3B8762C19B4797E67 /* [CP] Copy Pods Resources */,
			);
			buildRules = (
			);
			dependencies = (
			);
			name = LoginTemplate;
			productName = LoginTemplate;
			productReference = 25E2F6F11E52423800AA208E /* LoginTemplate.app */;
			productType = "com.apple.product-type.application";
		};
/* End PBXNativeTarget section */

/* Begin PBXProject section */
		25E2F6E91E52423800AA208E /* Project object */ = {
			isa = PBXProject;
			attributes = {
				LastSwiftUpdateCheck = 0820;
				LastUpgradeCheck = 0820;
				ORGANIZATIONNAME = Jera;
				TargetAttributes = {
					25E2F6F01E52423800AA208E = {
						CreatedOnToolsVersion = 8.2.1;
						ProvisioningStyle = Automatic;
					};
				};
			};
			buildConfigurationList = 25E2F6EC1E52423800AA208E /* Build configuration list for PBXProject "LoginTemplate" */;
			compatibilityVersion = "Xcode 3.2";
			developmentRegion = English;
			hasScannedForEncodings = 0;
			knownRegions = (
				en,
				Base,
				"pt-BR",
			);
			mainGroup = 25E2F6E81E52423800AA208E;
			productRefGroup = 25E2F6F21E52423800AA208E /* Products */;
			projectDirPath = "";
			projectRoot = "";
			targets = (
				25E2F6F01E52423800AA208E /* LoginTemplate */,
			);
		};
/* End PBXProject section */

/* Begin PBXResourcesBuildPhase section */
		25E2F6EF1E52423800AA208E /* Resources */ = {
			isa = PBXResourcesBuildPhase;
			buildActionMask = 2147483647;
			files = (
				257467381E5650F70068DC65 /* LoginView.xib in Resources */,
				25E2F6FF1E52423800AA208E /* LaunchScreen.storyboard in Resources */,
				2597E7FD1E5B86F5002B499F /* GoogleService-Info.plist in Resources */,
				251B32461E5DCB0000A6D93B /* Localizable.strings in Resources */,
				2597E8051E5BA383002B499F /* LoadingHUDView.xib in Resources */,
				257467341E561E480068DC65 /* DashboardViewController.xib in Resources */,
				25E2F6FC1E52423800AA208E /* Assets.xcassets in Resources */,
			);
			runOnlyForDeploymentPostprocessing = 0;
		};
/* End PBXResourcesBuildPhase section */

/* Begin PBXShellScriptBuildPhase section */
		25B563D71E5256AF0051F559 /* ShellScript */ = {
			isa = PBXShellScriptBuildPhase;
			buildActionMask = 2147483647;
			files = (
			);
			inputPaths = (
			);
			outputPaths = (
			);
			runOnlyForDeploymentPostprocessing = 0;
			shellPath = /bin/sh;
			shellScript = "\"$PODS_ROOT/R.swift/rswift\" \"$SRCROOT\"";
		};
		AB4477057341D35C543A446C /* [CP] Check Pods Manifest.lock */ = {
			isa = PBXShellScriptBuildPhase;
			buildActionMask = 2147483647;
			files = (
			);
			inputPaths = (
			);
			name = "[CP] Check Pods Manifest.lock";
			outputPaths = (
			);
			runOnlyForDeploymentPostprocessing = 0;
			shellPath = /bin/sh;
			shellScript = "diff \"${PODS_ROOT}/../Podfile.lock\" \"${PODS_ROOT}/Manifest.lock\" > /dev/null\nif [ $? != 0 ] ; then\n    # print error to STDERR\n    echo \"error: The sandbox is not in sync with the Podfile.lock. Run 'pod install' or update your CocoaPods installation.\" >&2\n    exit 1\nfi\n";
			showEnvVarsInLog = 0;
		};
		DB048EF3B8762C19B4797E67 /* [CP] Copy Pods Resources */ = {
			isa = PBXShellScriptBuildPhase;
			buildActionMask = 2147483647;
			files = (
			);
			inputPaths = (
			);
			name = "[CP] Copy Pods Resources";
			outputPaths = (
			);
			runOnlyForDeploymentPostprocessing = 0;
			shellPath = /bin/sh;
			shellScript = "\"${SRCROOT}/Pods/Target Support Files/Pods-LoginTemplate/Pods-LoginTemplate-resources.sh\"\n";
			showEnvVarsInLog = 0;
		};
		FD7D9AEB4A71B2E29643D0EC /* [CP] Embed Pods Frameworks */ = {
			isa = PBXShellScriptBuildPhase;
			buildActionMask = 2147483647;
			files = (
			);
			inputPaths = (
			);
			name = "[CP] Embed Pods Frameworks";
			outputPaths = (
			);
			runOnlyForDeploymentPostprocessing = 0;
			shellPath = /bin/sh;
			shellScript = "\"${SRCROOT}/Pods/Target Support Files/Pods-LoginTemplate/Pods-LoginTemplate-frameworks.sh\"\n";
			showEnvVarsInLog = 0;
		};
/* End PBXShellScriptBuildPhase section */

/* Begin PBXSourcesBuildPhase section */
		25E2F6ED1E52423800AA208E /* Sources */ = {
			isa = PBXSourcesBuildPhase;
			buildActionMask = 2147483647;
			files = (
				25D4C8E21E55D60100E3AF4A /* RequestResponse.swift in Sources */,
				257467361E564D0A0068DC65 /* BasePresenter.swift in Sources */,
				F021B1C91E534EF30092DA41 /* BaseWireFrame.swift in Sources */,
				259071941E532E0D008E1B52 /* ErrorAPI.swift in Sources */,
				F021B1D81E537B6D0092DA41 /* LoginInteractor.swift in Sources */,
				2590719B1E53AC33008E1B52 /* UserSessionInteractor.swift in Sources */,
				F021B1DA1E537BAD0092DA41 /* LoginViewController.swift in Sources */,
				251B32401E5CD76E00A6D93B /* MaterialAppearance.swift in Sources */,
				2597E7FB1E5B7D2E002B499F /* LoginRepository.swift in Sources */,
				25D4C8E51E55FD2100E3AF4A /* DomainHelper.swift in Sources */,
				257467301E561D460068DC65 /* DashboardViewController.swift in Sources */,
				25D4C8E81E56096100E3AF4A /* PresentationHelper.swift in Sources */,
				25E2F6F51E52423800AA208E /* AppDelegate.swift in Sources */,
				F021B1CD1E534FC20092DA41 /* MainWireFrame.swift in Sources */,
				259071901E525EA3008E1B52 /* UserSessionDataStore.swift in Sources */,
				259071921E525F58008E1B52 /* ResponseAPIOperators.swift in Sources */,
				2590718E1E525E17008E1B52 /* UserAPI.swift in Sources */,
				25D4C8E01E54BBFE00E3AF4A /* UserDB.swift in Sources */,
				257467321E561D650068DC65 /* DashboardPresenter.swift in Sources */,
				25D4C8DE1E549C0600E3AF4A /* User.swift in Sources */,
				25B563D91E5256FC0051F559 /* R.generated.swift in Sources */,
				F021B1E21E5380630092DA41 /* ForgotPasswordPresenter.swift in Sources */,
				2597E8031E5BA378002B499F /* LoadingHUDView.swift in Sources */,
				251B32421E5CE1C200A6D93B /* Appearance.swift in Sources */,
				2597E7F81E5B35F1002B499F /* FacebookAPI.swift in Sources */,
				F021B1D21E537ABE0092DA41 /* LoginPresenter.swift in Sources */,
				2597E8001E5B8993002B499F /* GoogleAPI.swift in Sources */,
				F021B1E01E5380580092DA41 /* ForgotPasswordViewController.swift in Sources */,
				2574672B1E560FF30068DC65 /* MainPresenter.swift in Sources */,
				F021B1C61E5348DD0092DA41 /* ForgotPasswordWireFrame.swift in Sources */,
				2597E8071E5C775C002B499F /* UserSessionRepository.swift in Sources */,
				2597E80B1E5C82C3002B499F /* UserSession.swift in Sources */,
				2574672E1E561CF90068DC65 /* DashboardWireFrame.swift in Sources */,
				F021B1CB1E534F560092DA41 /* BaseNavigationController.swift in Sources */,
				F021B1E41E53829B0092DA41 /* ForgotPasswordInteractor.swift in Sources */,
				F021B1DC1E537BE70092DA41 /* BaseViewController.swift in Sources */,
				F021B1D01E5378F40092DA41 /* LoginWireFrame.swift in Sources */,
				257467291E560CA80068DC65 /* MainViewController.swift in Sources */,
				2590718C1E525AF4008E1B52 /* APIClient.swift in Sources */,
				259071991E53ABFE008E1B52 /* UserSessionDB.swift in Sources */,
			);
			runOnlyForDeploymentPostprocessing = 0;
		};
/* End PBXSourcesBuildPhase section */

/* Begin PBXVariantGroup section */
		251B32481E5DCB0000A6D93B /* Localizable.strings */ = {
			isa = PBXVariantGroup;
			children = (
				251B32471E5DCB0000A6D93B /* Base */,
			);
			name = Localizable.strings;
			sourceTree = "<group>";
		};
		25E2F6FD1E52423800AA208E /* LaunchScreen.storyboard */ = {
			isa = PBXVariantGroup;
			children = (
				25E2F6FE1E52423800AA208E /* Base */,
				251B32451E5DCAB000A6D93B /* pt-BR */,
			);
			name = LaunchScreen.storyboard;
			sourceTree = "<group>";
		};
/* End PBXVariantGroup section */

/* Begin XCBuildConfiguration section */
		25E2F7011E52423800AA208E /* Debug */ = {
			isa = XCBuildConfiguration;
			buildSettings = {
				ALWAYS_SEARCH_USER_PATHS = NO;
				CLANG_ANALYZER_LOCALIZABILITY_NONLOCALIZED = YES;
				CLANG_ANALYZER_NONNULL = YES;
				CLANG_CXX_LANGUAGE_STANDARD = "gnu++0x";
				CLANG_CXX_LIBRARY = "libc++";
				CLANG_ENABLE_MODULES = YES;
				CLANG_ENABLE_OBJC_ARC = YES;
				CLANG_WARN_BOOL_CONVERSION = YES;
				CLANG_WARN_CONSTANT_CONVERSION = YES;
				CLANG_WARN_DIRECT_OBJC_ISA_USAGE = YES_ERROR;
				CLANG_WARN_DOCUMENTATION_COMMENTS = YES;
				CLANG_WARN_EMPTY_BODY = YES;
				CLANG_WARN_ENUM_CONVERSION = YES;
				CLANG_WARN_INFINITE_RECURSION = YES;
				CLANG_WARN_INT_CONVERSION = YES;
				CLANG_WARN_OBJC_ROOT_CLASS = YES_ERROR;
				CLANG_WARN_SUSPICIOUS_MOVE = YES;
				CLANG_WARN_UNREACHABLE_CODE = YES;
				CLANG_WARN__DUPLICATE_METHOD_MATCH = YES;
				"CODE_SIGN_IDENTITY[sdk=iphoneos*]" = "iPhone Developer";
				COPY_PHASE_STRIP = NO;
				DEBUG_INFORMATION_FORMAT = dwarf;
				ENABLE_STRICT_OBJC_MSGSEND = YES;
				ENABLE_TESTABILITY = YES;
				GCC_C_LANGUAGE_STANDARD = gnu99;
				GCC_DYNAMIC_NO_PIC = NO;
				GCC_NO_COMMON_BLOCKS = YES;
				GCC_OPTIMIZATION_LEVEL = 0;
				GCC_PREPROCESSOR_DEFINITIONS = (
					"DEBUG=1",
					"$(inherited)",
				);
				GCC_WARN_64_TO_32_BIT_CONVERSION = YES;
				GCC_WARN_ABOUT_RETURN_TYPE = YES_ERROR;
				GCC_WARN_UNDECLARED_SELECTOR = YES;
				GCC_WARN_UNINITIALIZED_AUTOS = YES_AGGRESSIVE;
				GCC_WARN_UNUSED_FUNCTION = YES;
				GCC_WARN_UNUSED_VARIABLE = YES;
				IPHONEOS_DEPLOYMENT_TARGET = 10.2;
				MTL_ENABLE_DEBUG_INFO = YES;
				ONLY_ACTIVE_ARCH = YES;
				SDKROOT = iphoneos;
				SWIFT_ACTIVE_COMPILATION_CONDITIONS = DEBUG;
				SWIFT_OPTIMIZATION_LEVEL = "-Onone";
			};
			name = Debug;
		};
		25E2F7021E52423800AA208E /* Release */ = {
			isa = XCBuildConfiguration;
			buildSettings = {
				ALWAYS_SEARCH_USER_PATHS = NO;
				CLANG_ANALYZER_LOCALIZABILITY_NONLOCALIZED = YES;
				CLANG_ANALYZER_NONNULL = YES;
				CLANG_CXX_LANGUAGE_STANDARD = "gnu++0x";
				CLANG_CXX_LIBRARY = "libc++";
				CLANG_ENABLE_MODULES = YES;
				CLANG_ENABLE_OBJC_ARC = YES;
				CLANG_WARN_BOOL_CONVERSION = YES;
				CLANG_WARN_CONSTANT_CONVERSION = YES;
				CLANG_WARN_DIRECT_OBJC_ISA_USAGE = YES_ERROR;
				CLANG_WARN_DOCUMENTATION_COMMENTS = YES;
				CLANG_WARN_EMPTY_BODY = YES;
				CLANG_WARN_ENUM_CONVERSION = YES;
				CLANG_WARN_INFINITE_RECURSION = YES;
				CLANG_WARN_INT_CONVERSION = YES;
				CLANG_WARN_OBJC_ROOT_CLASS = YES_ERROR;
				CLANG_WARN_SUSPICIOUS_MOVE = YES;
				CLANG_WARN_UNREACHABLE_CODE = YES;
				CLANG_WARN__DUPLICATE_METHOD_MATCH = YES;
				"CODE_SIGN_IDENTITY[sdk=iphoneos*]" = "iPhone Developer";
				COPY_PHASE_STRIP = NO;
				DEBUG_INFORMATION_FORMAT = "dwarf-with-dsym";
				ENABLE_NS_ASSERTIONS = NO;
				ENABLE_STRICT_OBJC_MSGSEND = YES;
				GCC_C_LANGUAGE_STANDARD = gnu99;
				GCC_NO_COMMON_BLOCKS = YES;
				GCC_WARN_64_TO_32_BIT_CONVERSION = YES;
				GCC_WARN_ABOUT_RETURN_TYPE = YES_ERROR;
				GCC_WARN_UNDECLARED_SELECTOR = YES;
				GCC_WARN_UNINITIALIZED_AUTOS = YES_AGGRESSIVE;
				GCC_WARN_UNUSED_FUNCTION = YES;
				GCC_WARN_UNUSED_VARIABLE = YES;
				IPHONEOS_DEPLOYMENT_TARGET = 10.2;
				MTL_ENABLE_DEBUG_INFO = NO;
				SDKROOT = iphoneos;
				SWIFT_OPTIMIZATION_LEVEL = "-Owholemodule";
				VALIDATE_PRODUCT = YES;
			};
			name = Release;
		};
		25E2F7041E52423800AA208E /* Debug */ = {
			isa = XCBuildConfiguration;
			baseConfigurationReference = 4B868F5EDD74BAB53382AE56 /* Pods-LoginTemplate.debug.xcconfig */;
			buildSettings = {
				ASSETCATALOG_COMPILER_APPICON_NAME = AppIcon;
				INFOPLIST_FILE = LoginTemplate/Info.plist;
				IPHONEOS_DEPLOYMENT_TARGET = 8.0;
				LD_RUNPATH_SEARCH_PATHS = "$(inherited) @executable_path/Frameworks";
				PRODUCT_BUNDLE_IDENTIFIER = br.com.jera.LoginTemplate;
				PRODUCT_NAME = "$(TARGET_NAME)";
				SWIFT_VERSION = 3.0;
			};
			name = Debug;
		};
		25E2F7051E52423800AA208E /* Release */ = {
			isa = XCBuildConfiguration;
			baseConfigurationReference = BABA31F3C30D8383565167AC /* Pods-LoginTemplate.release.xcconfig */;
			buildSettings = {
				ASSETCATALOG_COMPILER_APPICON_NAME = AppIcon;
				INFOPLIST_FILE = LoginTemplate/Info.plist;
				IPHONEOS_DEPLOYMENT_TARGET = 8.0;
				LD_RUNPATH_SEARCH_PATHS = "$(inherited) @executable_path/Frameworks";
				PRODUCT_BUNDLE_IDENTIFIER = br.com.jera.LoginTemplate;
				PRODUCT_NAME = "$(TARGET_NAME)";
				SWIFT_VERSION = 3.0;
			};
			name = Release;
		};
/* End XCBuildConfiguration section */

/* Begin XCConfigurationList section */
		25E2F6EC1E52423800AA208E /* Build configuration list for PBXProject "LoginTemplate" */ = {
			isa = XCConfigurationList;
			buildConfigurations = (
				25E2F7011E52423800AA208E /* Debug */,
				25E2F7021E52423800AA208E /* Release */,
			);
			defaultConfigurationIsVisible = 0;
			defaultConfigurationName = Release;
		};
		25E2F7031E52423800AA208E /* Build configuration list for PBXNativeTarget "LoginTemplate" */ = {
			isa = XCConfigurationList;
			buildConfigurations = (
				25E2F7041E52423800AA208E /* Debug */,
				25E2F7051E52423800AA208E /* Release */,
			);
			defaultConfigurationIsVisible = 0;
			defaultConfigurationName = Release;
		};
/* End XCConfigurationList section */
	};
	rootObject = 25E2F6E91E52423800AA208E /* Project object */;
}
