// !$*UTF8*$!
{
	archiveVersion = 1;
	classes = {
	};
	objectVersion = 46;
	objects = {

/* Begin PBXBuildFile section */
		25B563D91E5256FC0051F559 /* R.generated.swift in Sources */ = {isa = PBXBuildFile; fileRef = 25B563D81E5256FC0051F559 /* R.generated.swift */; };
		25E2F6F51E52423800AA208E /* AppDelegate.swift in Sources */ = {isa = PBXBuildFile; fileRef = 25E2F6F41E52423800AA208E /* AppDelegate.swift */; };
		25E2F6FC1E52423800AA208E /* Assets.xcassets in Resources */ = {isa = PBXBuildFile; fileRef = 25E2F6FB1E52423800AA208E /* Assets.xcassets */; };
		25E2F6FF1E52423800AA208E /* LaunchScreen.storyboard in Resources */ = {isa = PBXBuildFile; fileRef = 25E2F6FD1E52423800AA208E /* LaunchScreen.storyboard */; };
		44FD37912ADFEEAA13F061C9 /* Pods_LoginTemplate.framework in Frameworks */ = {isa = PBXBuildFile; fileRef = 2249F5DE7F1971AEC8E22EE0 /* Pods_LoginTemplate.framework */; };
/* End PBXBuildFile section */

/* Begin PBXFileReference section */
		2249F5DE7F1971AEC8E22EE0 /* Pods_LoginTemplate.framework */ = {isa = PBXFileReference; explicitFileType = wrapper.framework; includeInIndex = 0; path = Pods_LoginTemplate.framework; sourceTree = BUILT_PRODUCTS_DIR; };
		25B563D81E5256FC0051F559 /* R.generated.swift */ = {isa = PBXFileReference; fileEncoding = 4; lastKnownFileType = sourcecode.swift; path = R.generated.swift; sourceTree = SOURCE_ROOT; };
		25E2F6F11E52423800AA208E /* LoginTemplate.app */ = {isa = PBXFileReference; explicitFileType = wrapper.application; includeInIndex = 0; path = LoginTemplate.app; sourceTree = BUILT_PRODUCTS_DIR; };
		25E2F6F41E52423800AA208E /* AppDelegate.swift */ = {isa = PBXFileReference; lastKnownFileType = sourcecode.swift; path = AppDelegate.swift; sourceTree = "<group>"; };
		25E2F6FB1E52423800AA208E /* Assets.xcassets */ = {isa = PBXFileReference; lastKnownFileType = folder.assetcatalog; path = Assets.xcassets; sourceTree = "<group>"; };
		25E2F6FE1E52423800AA208E /* Base */ = {isa = PBXFileReference; lastKnownFileType = file.storyboard; name = Base; path = Base.lproj/LaunchScreen.storyboard; sourceTree = "<group>"; };
		25E2F7001E52423800AA208E /* Info.plist */ = {isa = PBXFileReference; lastKnownFileType = text.plist.xml; path = Info.plist; sourceTree = "<group>"; };
		4B868F5EDD74BAB53382AE56 /* Pods-LoginTemplate.debug.xcconfig */ = {isa = PBXFileReference; includeInIndex = 1; lastKnownFileType = text.xcconfig; name = "Pods-LoginTemplate.debug.xcconfig"; path = "Pods/Target Support Files/Pods-LoginTemplate/Pods-LoginTemplate.debug.xcconfig"; sourceTree = "<group>"; };
		BABA31F3C30D8383565167AC /* Pods-LoginTemplate.release.xcconfig */ = {isa = PBXFileReference; includeInIndex = 1; lastKnownFileType = text.xcconfig; name = "Pods-LoginTemplate.release.xcconfig"; path = "Pods/Target Support Files/Pods-LoginTemplate/Pods-LoginTemplate.release.xcconfig"; sourceTree = "<group>"; };
/* End PBXFileReference section */

/* Begin PBXFrameworksBuildPhase section */
		25E2F6EE1E52423800AA208E /* Frameworks */ = {
			isa = PBXFrameworksBuildPhase;
			buildActionMask = 2147483647;
			files = (
				44FD37912ADFEEAA13F061C9 /* Pods_LoginTemplate.framework in Frameworks */,
			);
			runOnlyForDeploymentPostprocessing = 0;
		};
/* End PBXFrameworksBuildPhase section */

/* Begin PBXGroup section */
		25E2F6E81E52423800AA208E = {
			isa = PBXGroup;
			children = (
				25E2F6F31E52423800AA208E /* LoginTemplate */,
				25E2F6F21E52423800AA208E /* Products */,
				C80ED70F62A155C6A4AE2BFA /* Pods */,
				A76AFE8CE832C2C497CFE2E5 /* Frameworks */,
			);
			sourceTree = "<group>";
		};
		25E2F6F21E52423800AA208E /* Products */ = {
			isa = PBXGroup;
			children = (
				25E2F6F11E52423800AA208E /* LoginTemplate.app */,
			);
			name = Products;
			sourceTree = "<group>";
		};
		25E2F6F31E52423800AA208E /* LoginTemplate */ = {
			isa = PBXGroup;
			children = (
				25E2F70B1E524F5A00AA208E /* Data */,
				25E2F70A1E524F4900AA208E /* Domain */,
				25E2F7091E524F2D00AA208E /* Presentation */,
				25E2F6F41E52423800AA208E /* AppDelegate.swift */,
				25E2F6FB1E52423800AA208E /* Assets.xcassets */,
				25E2F6FD1E52423800AA208E /* LaunchScreen.storyboard */,
				25E2F7001E52423800AA208E /* Info.plist */,
				25B563D81E5256FC0051F559 /* R.generated.swift */,
			);
			path = LoginTemplate;
			sourceTree = "<group>";
		};
		25E2F7091E524F2D00AA208E /* Presentation */ = {
			isa = PBXGroup;
			children = (
			);
			path = Presentation;
			sourceTree = "<group>";
		};
		25E2F70A1E524F4900AA208E /* Domain */ = {
			isa = PBXGroup;
			children = (
			);
			path = Domain;
			sourceTree = "<group>";
		};
		25E2F70B1E524F5A00AA208E /* Data */ = {
			isa = PBXGroup;
			children = (
			);
			path = Data;
			sourceTree = "<group>";
		};
		A76AFE8CE832C2C497CFE2E5 /* Frameworks */ = {
			isa = PBXGroup;
			children = (
				2249F5DE7F1971AEC8E22EE0 /* Pods_LoginTemplate.framework */,
			);
			name = Frameworks;
			sourceTree = "<group>";
		};
		C80ED70F62A155C6A4AE2BFA /* Pods */ = {
			isa = PBXGroup;
			children = (
				4B868F5EDD74BAB53382AE56 /* Pods-LoginTemplate.debug.xcconfig */,
				BABA31F3C30D8383565167AC /* Pods-LoginTemplate.release.xcconfig */,
			);
			name = Pods;
			sourceTree = "<group>";
		};
/* End PBXGroup section */

/* Begin PBXNativeTarget section */
		25E2F6F01E52423800AA208E /* LoginTemplate */ = {
			isa = PBXNativeTarget;
			buildConfigurationList = 25E2F7031E52423800AA208E /* Build configuration list for PBXNativeTarget "LoginTemplate" */;
			buildPhases = (
				AB4477057341D35C543A446C /* [CP] Check Pods Manifest.lock */,
				25B563D71E5256AF0051F559 /* ShellScript */,
				25E2F6ED1E52423800AA208E /* Sources */,
				25E2F6EE1E52423800AA208E /* Frameworks */,
				25E2F6EF1E52423800AA208E /* Resources */,
				FD7D9AEB4A71B2E29643D0EC /* [CP] Embed Pods Frameworks */,
				DB048EF3B8762C19B4797E67 /* [CP] Copy Pods Resources */,
			);
			buildRules = (
			);
			dependencies = (
			);
			name = LoginTemplate;
			productName = LoginTemplate;
			productReference = 25E2F6F11E52423800AA208E /* LoginTemplate.app */;
			productType = "com.apple.product-type.application";
		};
/* End PBXNativeTarget section */

/* Begin PBXProject section */
		25E2F6E91E52423800AA208E /* Project object */ = {
			isa = PBXProject;
			attributes = {
				LastSwiftUpdateCheck = 0820;
				LastUpgradeCheck = 0820;
				ORGANIZATIONNAME = Jera;
				TargetAttributes = {
					25E2F6F01E52423800AA208E = {
						CreatedOnToolsVersion = 8.2.1;
						ProvisioningStyle = Automatic;
					};
				};
			};
			buildConfigurationList = 25E2F6EC1E52423800AA208E /* Build configuration list for PBXProject "LoginTemplate" */;
			compatibilityVersion = "Xcode 3.2";
			developmentRegion = English;
			hasScannedForEncodings = 0;
			knownRegions = (
				en,
				Base,
			);
			mainGroup = 25E2F6E81E52423800AA208E;
			productRefGroup = 25E2F6F21E52423800AA208E /* Products */;
			projectDirPath = "";
			projectRoot = "";
			targets = (
				25E2F6F01E52423800AA208E /* LoginTemplate */,
			);
		};
/* End PBXProject section */

/* Begin PBXResourcesBuildPhase section */
		25E2F6EF1E52423800AA208E /* Resources */ = {
			isa = PBXResourcesBuildPhase;
			buildActionMask = 2147483647;
			files = (
				25E2F6FF1E52423800AA208E /* LaunchScreen.storyboard in Resources */,
				25E2F6FC1E52423800AA208E /* Assets.xcassets in Resources */,
			);
			runOnlyForDeploymentPostprocessing = 0;
		};
/* End PBXResourcesBuildPhase section */

/* Begin PBXShellScriptBuildPhase section */
		25B563D71E5256AF0051F559 /* ShellScript */ = {
			isa = PBXShellScriptBuildPhase;
			buildActionMask = 2147483647;
			files = (
			);
			inputPaths = (
			);
			outputPaths = (
			);
			runOnlyForDeploymentPostprocessing = 0;
			shellPath = /bin/sh;
			shellScript = "\"$PODS_ROOT/R.swift/rswift\" \"$SRCROOT\"";
		};
		AB4477057341D35C543A446C /* [CP] Check Pods Manifest.lock */ = {
			isa = PBXShellScriptBuildPhase;
			buildActionMask = 2147483647;
			files = (
			);
			inputPaths = (
			);
			name = "[CP] Check Pods Manifest.lock";
			outputPaths = (
			);
			runOnlyForDeploymentPostprocessing = 0;
			shellPath = /bin/sh;
			shellScript = "diff \"${PODS_ROOT}/../Podfile.lock\" \"${PODS_ROOT}/Manifest.lock\" > /dev/null\nif [ $? != 0 ] ; then\n    # print error to STDERR\n    echo \"error: The sandbox is not in sync with the Podfile.lock. Run 'pod install' or update your CocoaPods installation.\" >&2\n    exit 1\nfi\n";
			showEnvVarsInLog = 0;
		};
		DB048EF3B8762C19B4797E67 /* [CP] Copy Pods Resources */ = {
			isa = PBXShellScriptBuildPhase;
			buildActionMask = 2147483647;
			files = (
			);
			inputPaths = (
			);
			name = "[CP] Copy Pods Resources";
			outputPaths = (
			);
			runOnlyForDeploymentPostprocessing = 0;
			shellPath = /bin/sh;
			shellScript = "\"${SRCROOT}/Pods/Target Support Files/Pods-LoginTemplate/Pods-LoginTemplate-resources.sh\"\n";
			showEnvVarsInLog = 0;
		};
		FD7D9AEB4A71B2E29643D0EC /* [CP] Embed Pods Frameworks */ = {
			isa = PBXShellScriptBuildPhase;
			buildActionMask = 2147483647;
			files = (
			);
			inputPaths = (
			);
			name = "[CP] Embed Pods Frameworks";
			outputPaths = (
			);
			runOnlyForDeploymentPostprocessing = 0;
			shellPath = /bin/sh;
			shellScript = "\"${SRCROOT}/Pods/Target Support Files/Pods-LoginTemplate/Pods-LoginTemplate-frameworks.sh\"\n";
			showEnvVarsInLog = 0;
		};
/* End PBXShellScriptBuildPhase section */

/* Begin PBXSourcesBuildPhase section */
		25E2F6ED1E52423800AA208E /* Sources */ = {
			isa = PBXSourcesBuildPhase;
			buildActionMask = 2147483647;
			files = (
				25E2F6F51E52423800AA208E /* AppDelegate.swift in Sources */,
				25B563D91E5256FC0051F559 /* R.generated.swift in Sources */,
			);
			runOnlyForDeploymentPostprocessing = 0;
		};
/* End PBXSourcesBuildPhase section */

/* Begin PBXVariantGroup section */
		25E2F6FD1E52423800AA208E /* LaunchScreen.storyboard */ = {
			isa = PBXVariantGroup;
			children = (
				25E2F6FE1E52423800AA208E /* Base */,
			);
			name = LaunchScreen.storyboard;
			sourceTree = "<group>";
		};
/* End PBXVariantGroup section */

/* Begin XCBuildConfiguration section */
		25E2F7011E52423800AA208E /* Debug */ = {
			isa = XCBuildConfiguration;
			buildSettings = {
				ALWAYS_SEARCH_USER_PATHS = NO;
				CLANG_ANALYZER_NONNULL = YES;
				CLANG_CXX_LANGUAGE_STANDARD = "gnu++0x";
				CLANG_CXX_LIBRARY = "libc++";
				CLANG_ENABLE_MODULES = YES;
				CLANG_ENABLE_OBJC_ARC = YES;
				CLANG_WARN_BOOL_CONVERSION = YES;
				CLANG_WARN_CONSTANT_CONVERSION = YES;
				CLANG_WARN_DIRECT_OBJC_ISA_USAGE = YES_ERROR;
				CLANG_WARN_DOCUMENTATION_COMMENTS = YES;
				CLANG_WARN_EMPTY_BODY = YES;
				CLANG_WARN_ENUM_CONVERSION = YES;
				CLANG_WARN_INFINITE_RECURSION = YES;
				CLANG_WARN_INT_CONVERSION = YES;
				CLANG_WARN_OBJC_ROOT_CLASS = YES_ERROR;
				CLANG_WARN_SUSPICIOUS_MOVE = YES;
				CLANG_WARN_UNREACHABLE_CODE = YES;
				CLANG_WARN__DUPLICATE_METHOD_MATCH = YES;
				"CODE_SIGN_IDENTITY[sdk=iphoneos*]" = "iPhone Developer";
				COPY_PHASE_STRIP = NO;
				DEBUG_INFORMATION_FORMAT = dwarf;
				ENABLE_STRICT_OBJC_MSGSEND = YES;
				ENABLE_TESTABILITY = YES;
				GCC_C_LANGUAGE_STANDARD = gnu99;
				GCC_DYNAMIC_NO_PIC = NO;
				GCC_NO_COMMON_BLOCKS = YES;
				GCC_OPTIMIZATION_LEVEL = 0;
				GCC_PREPROCESSOR_DEFINITIONS = (
					"DEBUG=1",
					"$(inherited)",
				);
				GCC_WARN_64_TO_32_BIT_CONVERSION = YES;
				GCC_WARN_ABOUT_RETURN_TYPE = YES_ERROR;
				GCC_WARN_UNDECLARED_SELECTOR = YES;
				GCC_WARN_UNINITIALIZED_AUTOS = YES_AGGRESSIVE;
				GCC_WARN_UNUSED_FUNCTION = YES;
				GCC_WARN_UNUSED_VARIABLE = YES;
				IPHONEOS_DEPLOYMENT_TARGET = 10.2;
				MTL_ENABLE_DEBUG_INFO = YES;
				ONLY_ACTIVE_ARCH = YES;
				SDKROOT = iphoneos;
				SWIFT_ACTIVE_COMPILATION_CONDITIONS = DEBUG;
				SWIFT_OPTIMIZATION_LEVEL = "-Onone";
			};
			name = Debug;
		};
		25E2F7021E52423800AA208E /* Release */ = {
			isa = XCBuildConfiguration;
			buildSettings = {
				ALWAYS_SEARCH_USER_PATHS = NO;
				CLANG_ANALYZER_NONNULL = YES;
				CLANG_CXX_LANGUAGE_STANDARD = "gnu++0x";
				CLANG_CXX_LIBRARY = "libc++";
				CLANG_ENABLE_MODULES = YES;
				CLANG_ENABLE_OBJC_ARC = YES;
				CLANG_WARN_BOOL_CONVERSION = YES;
				CLANG_WARN_CONSTANT_CONVERSION = YES;
				CLANG_WARN_DIRECT_OBJC_ISA_USAGE = YES_ERROR;
				CLANG_WARN_DOCUMENTATION_COMMENTS = YES;
				CLANG_WARN_EMPTY_BODY = YES;
				CLANG_WARN_ENUM_CONVERSION = YES;
				CLANG_WARN_INFINITE_RECURSION = YES;
				CLANG_WARN_INT_CONVERSION = YES;
				CLANG_WARN_OBJC_ROOT_CLASS = YES_ERROR;
				CLANG_WARN_SUSPICIOUS_MOVE = YES;
				CLANG_WARN_UNREACHABLE_CODE = YES;
				CLANG_WARN__DUPLICATE_METHOD_MATCH = YES;
				"CODE_SIGN_IDENTITY[sdk=iphoneos*]" = "iPhone Developer";
				COPY_PHASE_STRIP = NO;
				DEBUG_INFORMATION_FORMAT = "dwarf-with-dsym";
				ENABLE_NS_ASSERTIONS = NO;
				ENABLE_STRICT_OBJC_MSGSEND = YES;
				GCC_C_LANGUAGE_STANDARD = gnu99;
				GCC_NO_COMMON_BLOCKS = YES;
				GCC_WARN_64_TO_32_BIT_CONVERSION = YES;
				GCC_WARN_ABOUT_RETURN_TYPE = YES_ERROR;
				GCC_WARN_UNDECLARED_SELECTOR = YES;
				GCC_WARN_UNINITIALIZED_AUTOS = YES_AGGRESSIVE;
				GCC_WARN_UNUSED_FUNCTION = YES;
				GCC_WARN_UNUSED_VARIABLE = YES;
				IPHONEOS_DEPLOYMENT_TARGET = 10.2;
				MTL_ENABLE_DEBUG_INFO = NO;
				SDKROOT = iphoneos;
				SWIFT_OPTIMIZATION_LEVEL = "-Owholemodule";
				VALIDATE_PRODUCT = YES;
			};
			name = Release;
		};
		25E2F7041E52423800AA208E /* Debug */ = {
			isa = XCBuildConfiguration;
			baseConfigurationReference = 4B868F5EDD74BAB53382AE56 /* Pods-LoginTemplate.debug.xcconfig */;
			buildSettings = {
				ASSETCATALOG_COMPILER_APPICON_NAME = AppIcon;
				INFOPLIST_FILE = LoginTemplate/Info.plist;
				IPHONEOS_DEPLOYMENT_TARGET = 8.0;
				LD_RUNPATH_SEARCH_PATHS = "$(inherited) @executable_path/Frameworks";
				PRODUCT_BUNDLE_IDENTIFIER = br.com.jera.LoginTemplate;
				PRODUCT_NAME = "$(TARGET_NAME)";
				SWIFT_VERSION = 3.0;
			};
			name = Debug;
		};
		25E2F7051E52423800AA208E /* Release */ = {
			isa = XCBuildConfiguration;
			baseConfigurationReference = BABA31F3C30D8383565167AC /* Pods-LoginTemplate.release.xcconfig */;
			buildSettings = {
				ASSETCATALOG_COMPILER_APPICON_NAME = AppIcon;
				INFOPLIST_FILE = LoginTemplate/Info.plist;
				IPHONEOS_DEPLOYMENT_TARGET = 8.0;
				LD_RUNPATH_SEARCH_PATHS = "$(inherited) @executable_path/Frameworks";
				PRODUCT_BUNDLE_IDENTIFIER = br.com.jera.LoginTemplate;
				PRODUCT_NAME = "$(TARGET_NAME)";
				SWIFT_VERSION = 3.0;
			};
			name = Release;
		};
/* End XCBuildConfiguration section */

/* Begin XCConfigurationList section */
		25E2F6EC1E52423800AA208E /* Build configuration list for PBXProject "LoginTemplate" */ = {
			isa = XCConfigurationList;
			buildConfigurations = (
				25E2F7011E52423800AA208E /* Debug */,
				25E2F7021E52423800AA208E /* Release */,
			);
			defaultConfigurationIsVisible = 0;
			defaultConfigurationName = Release;
		};
		25E2F7031E52423800AA208E /* Build configuration list for PBXNativeTarget "LoginTemplate" */ = {
			isa = XCConfigurationList;
			buildConfigurations = (
				25E2F7041E52423800AA208E /* Debug */,
				25E2F7051E52423800AA208E /* Release */,
			);
			defaultConfigurationIsVisible = 0;
			defaultConfigurationName = Release;
		};
/* End XCConfigurationList section */
	};
	rootObject = 25E2F6E91E52423800AA208E /* Project object */;
}
